// !$*UTF8*$!
{
	archiveVersion = 1;
	classes = {
	};
	objectVersion = 50;
	objects = {

/* Begin PBXBuildFile section */
		0F0C43ED215D723A00761D07 /* AppDelegate.swift in Sources */ = {isa = PBXBuildFile; fileRef = 0F0C43EC215D723A00761D07 /* AppDelegate.swift */; };
		0F0C43EF215D723A00761D07 /* ViewController.swift in Sources */ = {isa = PBXBuildFile; fileRef = 0F0C43EE215D723A00761D07 /* ViewController.swift */; };
		0F0C43F4215D723C00761D07 /* Assets.xcassets in Resources */ = {isa = PBXBuildFile; fileRef = 0F0C43F3215D723C00761D07 /* Assets.xcassets */; };
		0F0C43F7215D723C00761D07 /* LaunchScreen.storyboard in Resources */ = {isa = PBXBuildFile; fileRef = 0F0C43F5215D723C00761D07 /* LaunchScreen.storyboard */; };
		0F0C4402215D723D00761D07 /* sampleinappTests.swift in Sources */ = {isa = PBXBuildFile; fileRef = 0F0C4401215D723D00761D07 /* sampleinappTests.swift */; };
		0F0C440D215D723D00761D07 /* sampleinappUITests.swift in Sources */ = {isa = PBXBuildFile; fileRef = 0F0C440C215D723D00761D07 /* sampleinappUITests.swift */; };
		0F778B992186D0BA00377A04 /* evergentbilling.framework in Frameworks */ = {isa = PBXBuildFile; fileRef = 0F757D7A216BDD5B008EB66F /* evergentbilling.framework */; };
		0F778B9A2186D0BA00377A04 /* evergentbilling.framework in Embed Frameworks */ = {isa = PBXBuildFile; fileRef = 0F757D7A216BDD5B008EB66F /* evergentbilling.framework */; settings = {ATTRIBUTES = (CodeSignOnCopy, RemoveHeadersOnCopy, ); }; };
		0F7A2E8C2172B80300E178F3 /* Main.storyboard in Resources */ = {isa = PBXBuildFile; fileRef = 0F7A2E8B2172B80300E178F3 /* Main.storyboard */; };
		0FDC955A217AFC1600566143 /* Colors.xcassets in Resources */ = {isa = PBXBuildFile; fileRef = 0FDC9559217AFC1600566143 /* Colors.xcassets */; };
		0FE0DAA8216DEB5D00299EE9 /* StoreKit.framework in Frameworks */ = {isa = PBXBuildFile; fileRef = 0FE0DAA7216DEB5D00299EE9 /* StoreKit.framework */; };
/* End PBXBuildFile section */

/* Begin PBXContainerItemProxy section */
		0F0C43FE215D723D00761D07 /* PBXContainerItemProxy */ = {
			isa = PBXContainerItemProxy;
			containerPortal = 0F0C43E1215D723A00761D07 /* Project object */;
			proxyType = 1;
			remoteGlobalIDString = 0F0C43E8215D723A00761D07;
			remoteInfo = sampleinapp;
		};
		0F0C4409215D723D00761D07 /* PBXContainerItemProxy */ = {
			isa = PBXContainerItemProxy;
			containerPortal = 0F0C43E1215D723A00761D07 /* Project object */;
			proxyType = 1;
			remoteGlobalIDString = 0F0C43E8215D723A00761D07;
			remoteInfo = sampleinapp;
		};
		0F757D79216BDD5B008EB66F /* PBXContainerItemProxy */ = {
			isa = PBXContainerItemProxy;
			containerPortal = 0F757D74216BDD5B008EB66F /* evergentbilling.xcodeproj */;
			proxyType = 2;
			remoteGlobalIDString = 0F757D5A216BDC90008EB66F;
			remoteInfo = evergentbilling;
		};
		0F757D7B216BDD5B008EB66F /* PBXContainerItemProxy */ = {
			isa = PBXContainerItemProxy;
			containerPortal = 0F757D74216BDD5B008EB66F /* evergentbilling.xcodeproj */;
			proxyType = 2;
			remoteGlobalIDString = 0F757D63216BDC90008EB66F;
			remoteInfo = evergentbillingTests;
		};
		0F778B9B2186D0BA00377A04 /* PBXContainerItemProxy */ = {
			isa = PBXContainerItemProxy;
			containerPortal = 0F757D74216BDD5B008EB66F /* evergentbilling.xcodeproj */;
			proxyType = 1;
			remoteGlobalIDString = 0F757D59216BDC90008EB66F;
			remoteInfo = evergentbilling;
		};
/* End PBXContainerItemProxy section */

/* Begin PBXCopyFilesBuildPhase section */
		0F778B9D2186D0BA00377A04 /* Embed Frameworks */ = {
			isa = PBXCopyFilesBuildPhase;
			buildActionMask = 2147483647;
			dstPath = "";
			dstSubfolderSpec = 10;
			files = (
				0F778B9A2186D0BA00377A04 /* evergentbilling.framework in Embed Frameworks */,
			);
			name = "Embed Frameworks";
			runOnlyForDeploymentPostprocessing = 0;
		};
/* End PBXCopyFilesBuildPhase section */

/* Begin PBXFileReference section */
		0F0C43E9215D723A00761D07 /* sampleinapp.app */ = {isa = PBXFileReference; explicitFileType = wrapper.application; includeInIndex = 0; path = sampleinapp.app; sourceTree = BUILT_PRODUCTS_DIR; };
		0F0C43EC215D723A00761D07 /* AppDelegate.swift */ = {isa = PBXFileReference; lastKnownFileType = sourcecode.swift; path = AppDelegate.swift; sourceTree = "<group>"; };
		0F0C43EE215D723A00761D07 /* ViewController.swift */ = {isa = PBXFileReference; lastKnownFileType = sourcecode.swift; path = ViewController.swift; sourceTree = "<group>"; };
		0F0C43F3215D723C00761D07 /* Assets.xcassets */ = {isa = PBXFileReference; lastKnownFileType = folder.assetcatalog; path = Assets.xcassets; sourceTree = "<group>"; };
		0F0C43F6215D723C00761D07 /* Base */ = {isa = PBXFileReference; lastKnownFileType = file.storyboard; name = Base; path = Base.lproj/LaunchScreen.storyboard; sourceTree = "<group>"; };
		0F0C43F8215D723C00761D07 /* Info.plist */ = {isa = PBXFileReference; lastKnownFileType = text.plist.xml; path = Info.plist; sourceTree = "<group>"; };
		0F0C43FD215D723D00761D07 /* sampleinappTests.xctest */ = {isa = PBXFileReference; explicitFileType = wrapper.cfbundle; includeInIndex = 0; path = sampleinappTests.xctest; sourceTree = BUILT_PRODUCTS_DIR; };
		0F0C4401215D723D00761D07 /* sampleinappTests.swift */ = {isa = PBXFileReference; lastKnownFileType = sourcecode.swift; path = sampleinappTests.swift; sourceTree = "<group>"; };
		0F0C4403215D723D00761D07 /* Info.plist */ = {isa = PBXFileReference; lastKnownFileType = text.plist.xml; path = Info.plist; sourceTree = "<group>"; };
		0F0C4408215D723D00761D07 /* sampleinappUITests.xctest */ = {isa = PBXFileReference; explicitFileType = wrapper.cfbundle; includeInIndex = 0; path = sampleinappUITests.xctest; sourceTree = BUILT_PRODUCTS_DIR; };
		0F0C440C215D723D00761D07 /* sampleinappUITests.swift */ = {isa = PBXFileReference; lastKnownFileType = sourcecode.swift; path = sampleinappUITests.swift; sourceTree = "<group>"; };
		0F0C440E215D723D00761D07 /* Info.plist */ = {isa = PBXFileReference; lastKnownFileType = text.plist.xml; path = Info.plist; sourceTree = "<group>"; };
		0F757D74216BDD5B008EB66F /* evergentbilling.xcodeproj */ = {isa = PBXFileReference; lastKnownFileType = "wrapper.pb-project"; name = evergentbilling.xcodeproj; path = ../../evergentbilling/evergentbilling.xcodeproj; sourceTree = "<group>"; };
		0F7A2E8B2172B80300E178F3 /* Main.storyboard */ = {isa = PBXFileReference; lastKnownFileType = file.storyboard; path = Main.storyboard; sourceTree = "<group>"; };
		0FDC9559217AFC1600566143 /* Colors.xcassets */ = {isa = PBXFileReference; lastKnownFileType = folder.assetcatalog; path = Colors.xcassets; sourceTree = "<group>"; };
		0FE0DAA7216DEB5D00299EE9 /* StoreKit.framework */ = {isa = PBXFileReference; lastKnownFileType = wrapper.framework; name = StoreKit.framework; path = System/Library/Frameworks/StoreKit.framework; sourceTree = SDKROOT; };
/* End PBXFileReference section */

/* Begin PBXFrameworksBuildPhase section */
		0F0C43E6215D723A00761D07 /* Frameworks */ = {
			isa = PBXFrameworksBuildPhase;
			buildActionMask = 2147483647;
			files = (
				0F778B992186D0BA00377A04 /* evergentbilling.framework in Frameworks */,
				0FE0DAA8216DEB5D00299EE9 /* StoreKit.framework in Frameworks */,
			);
			runOnlyForDeploymentPostprocessing = 0;
		};
		0F0C43FA215D723C00761D07 /* Frameworks */ = {
			isa = PBXFrameworksBuildPhase;
			buildActionMask = 2147483647;
			files = (
			);
			runOnlyForDeploymentPostprocessing = 0;
		};
		0F0C4405215D723D00761D07 /* Frameworks */ = {
			isa = PBXFrameworksBuildPhase;
			buildActionMask = 2147483647;
			files = (
			);
			runOnlyForDeploymentPostprocessing = 0;
		};
/* End PBXFrameworksBuildPhase section */

/* Begin PBXGroup section */
		0F0C43E0215D723A00761D07 = {
			isa = PBXGroup;
			children = (
				0F0C43EB215D723A00761D07 /* sampleinapp */,
				0F0C4400215D723D00761D07 /* sampleinappTests */,
				0F0C440B215D723D00761D07 /* sampleinappUITests */,
				0F0C43EA215D723A00761D07 /* Products */,
				0FE0DAA0216DEA6C00299EE9 /* Frameworks */,
			);
			sourceTree = "<group>";
		};
		0F0C43EA215D723A00761D07 /* Products */ = {
			isa = PBXGroup;
			children = (
				0F0C43E9215D723A00761D07 /* sampleinapp.app */,
				0F0C43FD215D723D00761D07 /* sampleinappTests.xctest */,
				0F0C4408215D723D00761D07 /* sampleinappUITests.xctest */,
			);
			name = Products;
			sourceTree = "<group>";
		};
		0F0C43EB215D723A00761D07 /* sampleinapp */ = {
			isa = PBXGroup;
			children = (
				0F757D74216BDD5B008EB66F /* evergentbilling.xcodeproj */,
				0F0C43EC215D723A00761D07 /* AppDelegate.swift */,
				0F0C43EE215D723A00761D07 /* ViewController.swift */,
				0F0C43F3215D723C00761D07 /* Assets.xcassets */,
				0F0C43F5215D723C00761D07 /* LaunchScreen.storyboard */,
				0F0C43F8215D723C00761D07 /* Info.plist */,
				0F7A2E8B2172B80300E178F3 /* Main.storyboard */,
				0FDC9559217AFC1600566143 /* Colors.xcassets */,
			);
			path = sampleinapp;
			sourceTree = "<group>";
		};
		0F0C4400215D723D00761D07 /* sampleinappTests */ = {
			isa = PBXGroup;
			children = (
				0F0C4401215D723D00761D07 /* sampleinappTests.swift */,
				0F0C4403215D723D00761D07 /* Info.plist */,
			);
			path = sampleinappTests;
			sourceTree = "<group>";
		};
		0F0C440B215D723D00761D07 /* sampleinappUITests */ = {
			isa = PBXGroup;
			children = (
				0F0C440C215D723D00761D07 /* sampleinappUITests.swift */,
				0F0C440E215D723D00761D07 /* Info.plist */,
			);
			path = sampleinappUITests;
			sourceTree = "<group>";
		};
		0F757D75216BDD5B008EB66F /* Products */ = {
			isa = PBXGroup;
			children = (
				0F757D7A216BDD5B008EB66F /* evergentbilling.framework */,
				0F757D7C216BDD5B008EB66F /* evergentbillingTests.xctest */,
			);
			name = Products;
			sourceTree = "<group>";
		};
		0FE0DAA0216DEA6C00299EE9 /* Frameworks */ = {
			isa = PBXGroup;
			children = (
				0FE0DAA7216DEB5D00299EE9 /* StoreKit.framework */,
			);
			name = Frameworks;
			sourceTree = "<group>";
		};
/* End PBXGroup section */

/* Begin PBXNativeTarget section */
		0F0C43E8215D723A00761D07 /* sampleinapp */ = {
			isa = PBXNativeTarget;
			buildConfigurationList = 0F0C4411215D723D00761D07 /* Build configuration list for PBXNativeTarget "sampleinapp" */;
			buildPhases = (
				0F0C43E5215D723A00761D07 /* Sources */,
				0F0C43E6215D723A00761D07 /* Frameworks */,
				0F0C43E7215D723A00761D07 /* Resources */,
				0F778B9D2186D0BA00377A04 /* Embed Frameworks */,
			);
			buildRules = (
			);
			dependencies = (
				0F778B9C2186D0BA00377A04 /* PBXTargetDependency */,
			);
			name = sampleinapp;
			productName = sampleinapp;
			productReference = 0F0C43E9215D723A00761D07 /* sampleinapp.app */;
			productType = "com.apple.product-type.application";
		};
		0F0C43FC215D723C00761D07 /* sampleinappTests */ = {
			isa = PBXNativeTarget;
			buildConfigurationList = 0F0C4414215D723D00761D07 /* Build configuration list for PBXNativeTarget "sampleinappTests" */;
			buildPhases = (
				0F0C43F9215D723C00761D07 /* Sources */,
				0F0C43FA215D723C00761D07 /* Frameworks */,
				0F0C43FB215D723C00761D07 /* Resources */,
			);
			buildRules = (
			);
			dependencies = (
				0F0C43FF215D723D00761D07 /* PBXTargetDependency */,
			);
			name = sampleinappTests;
			productName = sampleinappTests;
			productReference = 0F0C43FD215D723D00761D07 /* sampleinappTests.xctest */;
			productType = "com.apple.product-type.bundle.unit-test";
		};
		0F0C4407215D723D00761D07 /* sampleinappUITests */ = {
			isa = PBXNativeTarget;
			buildConfigurationList = 0F0C4417215D723D00761D07 /* Build configuration list for PBXNativeTarget "sampleinappUITests" */;
			buildPhases = (
				0F0C4404215D723D00761D07 /* Sources */,
				0F0C4405215D723D00761D07 /* Frameworks */,
				0F0C4406215D723D00761D07 /* Resources */,
			);
			buildRules = (
			);
			dependencies = (
				0F0C440A215D723D00761D07 /* PBXTargetDependency */,
			);
			name = sampleinappUITests;
			productName = sampleinappUITests;
			productReference = 0F0C4408215D723D00761D07 /* sampleinappUITests.xctest */;
			productType = "com.apple.product-type.bundle.ui-testing";
		};
/* End PBXNativeTarget section */

/* Begin PBXProject section */
		0F0C43E1215D723A00761D07 /* Project object */ = {
			isa = PBXProject;
			attributes = {
				LastSwiftUpdateCheck = 0940;
				LastUpgradeCheck = 0940;
				ORGANIZATIONNAME = Evergent;
				TargetAttributes = {
					0F0C43E8215D723A00761D07 = {
						CreatedOnToolsVersion = 9.4;
						SystemCapabilities = {
							com.apple.InAppPurchase = {
								enabled = 1;
							};
						};
					};
					0F0C43FC215D723C00761D07 = {
						CreatedOnToolsVersion = 9.4;
						TestTargetID = 0F0C43E8215D723A00761D07;
					};
					0F0C4407215D723D00761D07 = {
						CreatedOnToolsVersion = 9.4;
						TestTargetID = 0F0C43E8215D723A00761D07;
					};
				};
			};
			buildConfigurationList = 0F0C43E4215D723A00761D07 /* Build configuration list for PBXProject "sampleinapp" */;
			compatibilityVersion = "Xcode 9.3";
			developmentRegion = en;
			hasScannedForEncodings = 0;
			knownRegions = (
				en,
				Base,
			);
			mainGroup = 0F0C43E0215D723A00761D07;
			productRefGroup = 0F0C43EA215D723A00761D07 /* Products */;
			projectDirPath = "";
			projectReferences = (
				{
					ProductGroup = 0F757D75216BDD5B008EB66F /* Products */;
					ProjectRef = 0F757D74216BDD5B008EB66F /* evergentbilling.xcodeproj */;
				},
			);
			projectRoot = "";
			targets = (
				0F0C43E8215D723A00761D07 /* sampleinapp */,
				0F0C43FC215D723C00761D07 /* sampleinappTests */,
				0F0C4407215D723D00761D07 /* sampleinappUITests */,
			);
		};
/* End PBXProject section */

/* Begin PBXReferenceProxy section */
		0F757D7A216BDD5B008EB66F /* evergentbilling.framework */ = {
			isa = PBXReferenceProxy;
			fileType = wrapper.framework;
			path = evergentbilling.framework;
			remoteRef = 0F757D79216BDD5B008EB66F /* PBXContainerItemProxy */;
			sourceTree = BUILT_PRODUCTS_DIR;
		};
		0F757D7C216BDD5B008EB66F /* evergentbillingTests.xctest */ = {
			isa = PBXReferenceProxy;
			fileType = wrapper.cfbundle;
			path = evergentbillingTests.xctest;
			remoteRef = 0F757D7B216BDD5B008EB66F /* PBXContainerItemProxy */;
			sourceTree = BUILT_PRODUCTS_DIR;
		};
/* End PBXReferenceProxy section */

/* Begin PBXResourcesBuildPhase section */
		0F0C43E7215D723A00761D07 /* Resources */ = {
			isa = PBXResourcesBuildPhase;
			buildActionMask = 2147483647;
			files = (
				0F7A2E8C2172B80300E178F3 /* Main.storyboard in Resources */,
				0FDC955A217AFC1600566143 /* Colors.xcassets in Resources */,
				0F0C43F7215D723C00761D07 /* LaunchScreen.storyboard in Resources */,
				0F0C43F4215D723C00761D07 /* Assets.xcassets in Resources */,
			);
			runOnlyForDeploymentPostprocessing = 0;
		};
		0F0C43FB215D723C00761D07 /* Resources */ = {
			isa = PBXResourcesBuildPhase;
			buildActionMask = 2147483647;
			files = (
			);
			runOnlyForDeploymentPostprocessing = 0;
		};
		0F0C4406215D723D00761D07 /* Resources */ = {
			isa = PBXResourcesBuildPhase;
			buildActionMask = 2147483647;
			files = (
			);
			runOnlyForDeploymentPostprocessing = 0;
		};
/* End PBXResourcesBuildPhase section */

/* Begin PBXSourcesBuildPhase section */
		0F0C43E5215D723A00761D07 /* Sources */ = {
			isa = PBXSourcesBuildPhase;
			buildActionMask = 2147483647;
			files = (
				0F0C43EF215D723A00761D07 /* ViewController.swift in Sources */,
				0F0C43ED215D723A00761D07 /* AppDelegate.swift in Sources */,
			);
			runOnlyForDeploymentPostprocessing = 0;
		};
		0F0C43F9215D723C00761D07 /* Sources */ = {
			isa = PBXSourcesBuildPhase;
			buildActionMask = 2147483647;
			files = (
				0F0C4402215D723D00761D07 /* sampleinappTests.swift in Sources */,
			);
			runOnlyForDeploymentPostprocessing = 0;
		};
		0F0C4404215D723D00761D07 /* Sources */ = {
			isa = PBXSourcesBuildPhase;
			buildActionMask = 2147483647;
			files = (
				0F0C440D215D723D00761D07 /* sampleinappUITests.swift in Sources */,
			);
			runOnlyForDeploymentPostprocessing = 0;
		};
/* End PBXSourcesBuildPhase section */

/* Begin PBXTargetDependency section */
		0F0C43FF215D723D00761D07 /* PBXTargetDependency */ = {
			isa = PBXTargetDependency;
			target = 0F0C43E8215D723A00761D07 /* sampleinapp */;
			targetProxy = 0F0C43FE215D723D00761D07 /* PBXContainerItemProxy */;
		};
		0F0C440A215D723D00761D07 /* PBXTargetDependency */ = {
			isa = PBXTargetDependency;
			target = 0F0C43E8215D723A00761D07 /* sampleinapp */;
			targetProxy = 0F0C4409215D723D00761D07 /* PBXContainerItemProxy */;
		};
		0F778B9C2186D0BA00377A04 /* PBXTargetDependency */ = {
			isa = PBXTargetDependency;
			name = evergentbilling;
			targetProxy = 0F778B9B2186D0BA00377A04 /* PBXContainerItemProxy */;
		};
/* End PBXTargetDependency section */

/* Begin PBXVariantGroup section */
		0F0C43F5215D723C00761D07 /* LaunchScreen.storyboard */ = {
			isa = PBXVariantGroup;
			children = (
				0F0C43F6215D723C00761D07 /* Base */,
			);
			name = LaunchScreen.storyboard;
			sourceTree = "<group>";
		};
/* End PBXVariantGroup section */

/* Begin XCBuildConfiguration section */
		0F0C440F215D723D00761D07 /* Debug */ = {
			isa = XCBuildConfiguration;
			buildSettings = {
				ALWAYS_SEARCH_USER_PATHS = NO;
				CLANG_ANALYZER_NONNULL = YES;
				CLANG_ANALYZER_NUMBER_OBJECT_CONVERSION = YES_AGGRESSIVE;
				CLANG_CXX_LANGUAGE_STANDARD = "gnu++14";
				CLANG_CXX_LIBRARY = "libc++";
				CLANG_ENABLE_MODULES = YES;
				CLANG_ENABLE_OBJC_ARC = YES;
				CLANG_ENABLE_OBJC_WEAK = YES;
				CLANG_WARN_BLOCK_CAPTURE_AUTORELEASING = YES;
				CLANG_WARN_BOOL_CONVERSION = YES;
				CLANG_WARN_COMMA = YES;
				CLANG_WARN_CONSTANT_CONVERSION = YES;
				CLANG_WARN_DEPRECATED_OBJC_IMPLEMENTATIONS = YES;
				CLANG_WARN_DIRECT_OBJC_ISA_USAGE = YES_ERROR;
				CLANG_WARN_DOCUMENTATION_COMMENTS = YES;
				CLANG_WARN_EMPTY_BODY = YES;
				CLANG_WARN_ENUM_CONVERSION = YES;
				CLANG_WARN_INFINITE_RECURSION = YES;
				CLANG_WARN_INT_CONVERSION = YES;
				CLANG_WARN_NON_LITERAL_NULL_CONVERSION = YES;
				CLANG_WARN_OBJC_IMPLICIT_RETAIN_SELF = YES;
				CLANG_WARN_OBJC_LITERAL_CONVERSION = YES;
				CLANG_WARN_OBJC_ROOT_CLASS = YES_ERROR;
				CLANG_WARN_RANGE_LOOP_ANALYSIS = YES;
				CLANG_WARN_STRICT_PROTOTYPES = YES;
				CLANG_WARN_SUSPICIOUS_MOVE = YES;
				CLANG_WARN_UNGUARDED_AVAILABILITY = YES_AGGRESSIVE;
				CLANG_WARN_UNREACHABLE_CODE = YES;
				CLANG_WARN__DUPLICATE_METHOD_MATCH = YES;
				CODE_SIGN_IDENTITY = "iPhone Developer";
				COPY_PHASE_STRIP = NO;
				DEBUG_INFORMATION_FORMAT = dwarf;
				ENABLE_STRICT_OBJC_MSGSEND = YES;
				ENABLE_TESTABILITY = YES;
				GCC_C_LANGUAGE_STANDARD = gnu11;
				GCC_DYNAMIC_NO_PIC = NO;
				GCC_NO_COMMON_BLOCKS = YES;
				GCC_OPTIMIZATION_LEVEL = 0;
				GCC_PREPROCESSOR_DEFINITIONS = (
					"DEBUG=1",
					"$(inherited)",
				);
				GCC_WARN_64_TO_32_BIT_CONVERSION = YES;
				GCC_WARN_ABOUT_RETURN_TYPE = YES_ERROR;
				GCC_WARN_UNDECLARED_SELECTOR = YES;
				GCC_WARN_UNINITIALIZED_AUTOS = YES_AGGRESSIVE;
				GCC_WARN_UNUSED_FUNCTION = YES;
				GCC_WARN_UNUSED_VARIABLE = YES;
				IPHONEOS_DEPLOYMENT_TARGET = 11.4;
				MTL_ENABLE_DEBUG_INFO = YES;
				ONLY_ACTIVE_ARCH = YES;
				SDKROOT = iphoneos;
				SWIFT_ACTIVE_COMPILATION_CONDITIONS = DEBUG;
				SWIFT_OPTIMIZATION_LEVEL = "-Onone";
			};
			name = Debug;
		};
		0F0C4410215D723D00761D07 /* Release */ = {
			isa = XCBuildConfiguration;
			buildSettings = {
				ALWAYS_SEARCH_USER_PATHS = NO;
				CLANG_ANALYZER_NONNULL = YES;
				CLANG_ANALYZER_NUMBER_OBJECT_CONVERSION = YES_AGGRESSIVE;
				CLANG_CXX_LANGUAGE_STANDARD = "gnu++14";
				CLANG_CXX_LIBRARY = "libc++";
				CLANG_ENABLE_MODULES = YES;
				CLANG_ENABLE_OBJC_ARC = YES;
				CLANG_ENABLE_OBJC_WEAK = YES;
				CLANG_WARN_BLOCK_CAPTURE_AUTORELEASING = YES;
				CLANG_WARN_BOOL_CONVERSION = YES;
				CLANG_WARN_COMMA = YES;
				CLANG_WARN_CONSTANT_CONVERSION = YES;
				CLANG_WARN_DEPRECATED_OBJC_IMPLEMENTATIONS = YES;
				CLANG_WARN_DIRECT_OBJC_ISA_USAGE = YES_ERROR;
				CLANG_WARN_DOCUMENTATION_COMMENTS = YES;
				CLANG_WARN_EMPTY_BODY = YES;
				CLANG_WARN_ENUM_CONVERSION = YES;
				CLANG_WARN_INFINITE_RECURSION = YES;
				CLANG_WARN_INT_CONVERSION = YES;
				CLANG_WARN_NON_LITERAL_NULL_CONVERSION = YES;
				CLANG_WARN_OBJC_IMPLICIT_RETAIN_SELF = YES;
				CLANG_WARN_OBJC_LITERAL_CONVERSION = YES;
				CLANG_WARN_OBJC_ROOT_CLASS = YES_ERROR;
				CLANG_WARN_RANGE_LOOP_ANALYSIS = YES;
				CLANG_WARN_STRICT_PROTOTYPES = YES;
				CLANG_WARN_SUSPICIOUS_MOVE = YES;
				CLANG_WARN_UNGUARDED_AVAILABILITY = YES_AGGRESSIVE;
				CLANG_WARN_UNREACHABLE_CODE = YES;
				CLANG_WARN__DUPLICATE_METHOD_MATCH = YES;
				CODE_SIGN_IDENTITY = "iPhone Developer";
				COPY_PHASE_STRIP = NO;
				DEBUG_INFORMATION_FORMAT = "dwarf-with-dsym";
				ENABLE_NS_ASSERTIONS = NO;
				ENABLE_STRICT_OBJC_MSGSEND = YES;
				GCC_C_LANGUAGE_STANDARD = gnu11;
				GCC_NO_COMMON_BLOCKS = YES;
				GCC_WARN_64_TO_32_BIT_CONVERSION = YES;
				GCC_WARN_ABOUT_RETURN_TYPE = YES_ERROR;
				GCC_WARN_UNDECLARED_SELECTOR = YES;
				GCC_WARN_UNINITIALIZED_AUTOS = YES_AGGRESSIVE;
				GCC_WARN_UNUSED_FUNCTION = YES;
				GCC_WARN_UNUSED_VARIABLE = YES;
				IPHONEOS_DEPLOYMENT_TARGET = 11.4;
				MTL_ENABLE_DEBUG_INFO = NO;
				SDKROOT = iphoneos;
				SWIFT_COMPILATION_MODE = wholemodule;
				SWIFT_OPTIMIZATION_LEVEL = "-O";
				VALIDATE_PRODUCT = YES;
			};
			name = Release;
		};
		0F0C4412215D723D00761D07 /* Debug */ = {
			isa = XCBuildConfiguration;
			buildSettings = {
				ALWAYS_EMBED_SWIFT_STANDARD_LIBRARIES = YES;
				ASSETCATALOG_COMPILER_APPICON_NAME = AppIcon;
				CODE_SIGN_IDENTITY = "iPhone Developer";
				CODE_SIGN_STYLE = Manual;
				DEVELOPMENT_TEAM = 52B937Q7GY;
				INFOPLIST_FILE = sampleinapp/Info.plist;
				IPHONEOS_DEPLOYMENT_TARGET = 11.4;
				LD_RUNPATH_SEARCH_PATHS = (
					"$(inherited)",
					"@executable_path/Frameworks",
				);
				PRODUCT_BUNDLE_IDENTIFIER = com.evergent.sampleinapp;
				PRODUCT_NAME = "$(TARGET_NAME)";
				PROVISIONING_PROFILE = "4c08d2ca-3506-4431-9e7e-0b802c944d9c";
				PROVISIONING_PROFILE_SPECIFIER = "Aminul Hasan";
				SWIFT_VERSION = 4.0;
				TARGETED_DEVICE_FAMILY = "1,2";
			};
			name = Debug;
		};
		0F0C4413215D723D00761D07 /* Release */ = {
			isa = XCBuildConfiguration;
			buildSettings = {
				ALWAYS_EMBED_SWIFT_STANDARD_LIBRARIES = YES;
				ASSETCATALOG_COMPILER_APPICON_NAME = AppIcon;
				CODE_SIGN_IDENTITY = "iPhone Developer";
				CODE_SIGN_STYLE = Manual;
				DEVELOPMENT_TEAM = 52B937Q7GY;
				INFOPLIST_FILE = sampleinapp/Info.plist;
				IPHONEOS_DEPLOYMENT_TARGET = 11.4;
				LD_RUNPATH_SEARCH_PATHS = (
					"$(inherited)",
					"@executable_path/Frameworks",
				);
				PRODUCT_BUNDLE_IDENTIFIER = com.evergent.sampleinapp;
				PRODUCT_NAME = "$(TARGET_NAME)";
				PROVISIONING_PROFILE = "4c08d2ca-3506-4431-9e7e-0b802c944d9c";
				PROVISIONING_PROFILE_SPECIFIER = "Aminul Hasan";
				SWIFT_VERSION = 4.0;
				TARGETED_DEVICE_FAMILY = "1,2";
			};
			name = Release;
		};
		0F0C4415215D723D00761D07 /* Debug */ = {
			isa = XCBuildConfiguration;
			buildSettings = {
				ALWAYS_EMBED_SWIFT_STANDARD_LIBRARIES = YES;
				BUNDLE_LOADER = "$(TEST_HOST)";
				CODE_SIGN_STYLE = Automatic;
				DEVELOPMENT_TEAM = Z7EAZWK96N;
				INFOPLIST_FILE = sampleinappTests/Info.plist;
				LD_RUNPATH_SEARCH_PATHS = (
					"$(inherited)",
					"@executable_path/Frameworks",
					"@loader_path/Frameworks",
				);
				PRODUCT_BUNDLE_IDENTIFIER = com.evergent.sampleinappTests;
				PRODUCT_NAME = "$(TARGET_NAME)";
				SWIFT_VERSION = 4.0;
				TARGETED_DEVICE_FAMILY = "1,2";
				TEST_HOST = "$(BUILT_PRODUCTS_DIR)/sampleinapp.app/sampleinapp";
			};
			name = Debug;
		};
		0F0C4416215D723D00761D07 /* Release */ = {
			isa = XCBuildConfiguration;
			buildSettings = {
				ALWAYS_EMBED_SWIFT_STANDARD_LIBRARIES = YES;
				BUNDLE_LOADER = "$(TEST_HOST)";
				CODE_SIGN_STYLE = Automatic;
				DEVELOPMENT_TEAM = Z7EAZWK96N;
				INFOPLIST_FILE = sampleinappTests/Info.plist;
				LD_RUNPATH_SEARCH_PATHS = (
					"$(inherited)",
					"@executable_path/Frameworks",
					"@loader_path/Frameworks",
				);
				PRODUCT_BUNDLE_IDENTIFIER = com.evergent.sampleinappTests;
				PRODUCT_NAME = "$(TARGET_NAME)";
				SWIFT_VERSION = 4.0;
				TARGETED_DEVICE_FAMILY = "1,2";
				TEST_HOST = "$(BUILT_PRODUCTS_DIR)/sampleinapp.app/sampleinapp";
			};
			name = Release;
		};
		0F0C4418215D723D00761D07 /* Debug */ = {
			isa = XCBuildConfiguration;
			buildSettings = {
				ALWAYS_EMBED_SWIFT_STANDARD_LIBRARIES = YES;
				CODE_SIGN_STYLE = Automatic;
				DEVELOPMENT_TEAM = Z7EAZWK96N;
				INFOPLIST_FILE = sampleinappUITests/Info.plist;
				LD_RUNPATH_SEARCH_PATHS = (
					"$(inherited)",
					"@executable_path/Frameworks",
					"@loader_path/Frameworks",
				);
				PRODUCT_BUNDLE_IDENTIFIER = com.evergent.sampleinappUITests;
				PRODUCT_NAME = "$(TARGET_NAME)";
				SWIFT_VERSION = 4.0;
				TARGETED_DEVICE_FAMILY = "1,2";
				TEST_TARGET_NAME = sampleinapp;
			};
			name = Debug;
		};
		0F0C4419215D723D00761D07 /* Release */ = {
			isa = XCBuildConfiguration;
			buildSettings = {
				ALWAYS_EMBED_SWIFT_STANDARD_LIBRARIES = YES;
				CODE_SIGN_STYLE = Automatic;
				DEVELOPMENT_TEAM = Z7EAZWK96N;
				INFOPLIST_FILE = sampleinappUITests/Info.plist;
				LD_RUNPATH_SEARCH_PATHS = (
					"$(inherited)",
					"@executable_path/Frameworks",
					"@loader_path/Frameworks",
				);
				PRODUCT_BUNDLE_IDENTIFIER = com.evergent.sampleinappUITests;
				PRODUCT_NAME = "$(TARGET_NAME)";
				SWIFT_VERSION = 4.0;
				TARGETED_DEVICE_FAMILY = "1,2";
				TEST_TARGET_NAME = sampleinapp;
			};
			name = Release;
		};
/* End XCBuildConfiguration section */

/* Begin XCConfigurationList section */
		0F0C43E4215D723A00761D07 /* Build configuration list for PBXProject "sampleinapp" */ = {
			isa = XCConfigurationList;
			buildConfigurations = (
				0F0C440F215D723D00761D07 /* Debug */,
				0F0C4410215D723D00761D07 /* Release */,
			);
			defaultConfigurationIsVisible = 0;
			defaultConfigurationName = Release;
		};
		0F0C4411215D723D00761D07 /* Build configuration list for PBXNativeTarget "sampleinapp" */ = {
			isa = XCConfigurationList;
			buildConfigurations = (
				0F0C4412215D723D00761D07 /* Debug */,
				0F0C4413215D723D00761D07 /* Release */,
			);
			defaultConfigurationIsVisible = 0;
			defaultConfigurationName = Release;
		};
		0F0C4414215D723D00761D07 /* Build configuration list for PBXNativeTarget "sampleinappTests" */ = {
			isa = XCConfigurationList;
			buildConfigurations = (
				0F0C4415215D723D00761D07 /* Debug */,
				0F0C4416215D723D00761D07 /* Release */,
			);
			defaultConfigurationIsVisible = 0;
			defaultConfigurationName = Release;
		};
		0F0C4417215D723D00761D07 /* Build configuration list for PBXNativeTarget "sampleinappUITests" */ = {
			isa = XCConfigurationList;
			buildConfigurations = (
				0F0C4418215D723D00761D07 /* Debug */,
				0F0C4419215D723D00761D07 /* Release */,
			);
			defaultConfigurationIsVisible = 0;
			defaultConfigurationName = Release;
		};
/* End XCConfigurationList section */
	};
	rootObject = 0F0C43E1215D723A00761D07 /* Project object */;
}
